
Microsoft Visual Studio Solution File, Format Version 12.00
# Visual Studio Version 17
VisualStudioVersion = 17.12.35527.113
MinimumVisualStudioVersion = 10.0.40219.1
Project("{FAE04EC0-301F-11D3-BF4B-00C04F79EFBC}") = "ThomasSalon.UI", "ThomasSalon.UI\ThomasSalon.UI.csproj", "{53DE6657-CE2F-4A94-ABEF-9CCA24EF60CA}"
	ProjectSection(ProjectDependencies) = postProject
		{CD31BBD8-4439-47F8-9D87-0BC97B2A072B} = {CD31BBD8-4439-47F8-9D87-0BC97B2A072B}
	EndProjectSection
EndProject
Project("{FAE04EC0-301F-11D3-BF4B-00C04F79EFBC}") = "ThomasSalon.Abstracciones", "ThomasSalon.Abstracciones\ThomasSalon.Abstracciones.csproj", "{EBAB7063-E374-4766-AF8D-EDCBE8E89949}"
EndProject
Project("{FAE04EC0-301F-11D3-BF4B-00C04F79EFBC}") = "ThomasSalon.AccesoADatos", "ThomasSalon.AccesoADatos\ThomasSalon.AccesoADatos.csproj", "{CD31BBD8-4439-47F8-9D87-0BC97B2A072B}"
EndProject
Project("{FAE04EC0-301F-11D3-BF4B-00C04F79EFBC}") = "ThomasSalon.LN", "ThomasSalon.LN\ThomasSalon.LN.csproj", "{6F7C7D4A-79AA-4DFE-83D0-955E4B6ED946}"
EndProject
Global
	GlobalSection(SolutionConfigurationPlatforms) = preSolution
		Debug|Any CPU = Debug|Any CPU
		Release|Any CPU = Release|Any CPU
	EndGlobalSection
	GlobalSection(ProjectConfigurationPlatforms) = postSolution
		{53DE6657-CE2F-4A94-ABEF-9CCA24EF60CA}.Debug|Any CPU.ActiveCfg = Debug|Any CPU
		{53DE6657-CE2F-4A94-ABEF-9CCA24EF60CA}.Debug|Any CPU.Build.0 = Debug|Any CPU
		{53DE6657-CE2F-4A94-ABEF-9CCA24EF60CA}.Release|Any CPU.ActiveCfg = Release|Any CPU
		{53DE6657-CE2F-4A94-ABEF-9CCA24EF60CA}.Release|Any CPU.Build.0 = Release|Any CPU
		{EBAB7063-E374-4766-AF8D-EDCBE8E89949}.Debug|Any CPU.ActiveCfg = Debug|Any CPU
		{EBAB7063-E374-4766-AF8D-EDCBE8E89949}.Debug|Any CPU.Build.0 = Debug|Any CPU
		{EBAB7063-E374-4766-AF8D-EDCBE8E89949}.Release|Any CPU.ActiveCfg = Release|Any CPU
		{EBAB7063-E374-4766-AF8D-EDCBE8E89949}.Release|Any CPU.Build.0 = Release|Any CPU
		{CD31BBD8-4439-47F8-9D87-0BC97B2A072B}.Debug|Any CPU.ActiveCfg = Debug|Any CPU
		{CD31BBD8-4439-47F8-9D87-0BC97B2A072B}.Debug|Any CPU.Build.0 = Debug|Any CPU
		{CD31BBD8-4439-47F8-9D87-0BC97B2A072B}.Release|Any CPU.ActiveCfg = Release|Any CPU
		{CD31BBD8-4439-47F8-9D87-0BC97B2A072B}.Release|Any CPU.Build.0 = Release|Any CPU
		{6F7C7D4A-79AA-4DFE-83D0-955E4B6ED946}.Debug|Any CPU.ActiveCfg = Debug|Any CPU
		{6F7C7D4A-79AA-4DFE-83D0-955E4B6ED946}.Debug|Any CPU.Build.0 = Debug|Any CPU
		{6F7C7D4A-79AA-4DFE-83D0-955E4B6ED946}.Release|Any CPU.ActiveCfg = Release|Any CPU
		{6F7C7D4A-79AA-4DFE-83D0-955E4B6ED946}.Release|Any CPU.Build.0 = Release|Any CPU
	EndGlobalSection
	GlobalSection(SolutionProperties) = preSolution
		HideSolutionNode = FALSE
	EndGlobalSection
EndGlobal
